// !$*UTF8*$!
{
	archiveVersion = 1;
	classes = {
	};
	objectVersion = 46;
	objects = {

/* Begin PBXBuildFile section */
		9C3EA9CC1DAE700E0060F0EF /* main.m in Sources */ = {isa = PBXBuildFile; fileRef = 9C3EA9CB1DAE700E0060F0EF /* main.m */; };
		9C3EA9CF1DAE700E0060F0EF /* AppDelegate.m in Sources */ = {isa = PBXBuildFile; fileRef = 9C3EA9CE1DAE700E0060F0EF /* AppDelegate.m */; };
		9C3EA9D21DAE700E0060F0EF /* ViewController.m in Sources */ = {isa = PBXBuildFile; fileRef = 9C3EA9D11DAE700E0060F0EF /* ViewController.m */; };
		9C3EA9D51DAE700E0060F0EF /* Main.storyboard in Resources */ = {isa = PBXBuildFile; fileRef = 9C3EA9D31DAE700E0060F0EF /* Main.storyboard */; };
		9C3EA9D71DAE700E0060F0EF /* Assets.xcassets in Resources */ = {isa = PBXBuildFile; fileRef = 9C3EA9D61DAE700E0060F0EF /* Assets.xcassets */; };
		9C3EA9DA1DAE700E0060F0EF /* LaunchScreen.storyboard in Resources */ = {isa = PBXBuildFile; fileRef = 9C3EA9D81DAE700E0060F0EF /* LaunchScreen.storyboard */; };
		9C3EA9E51DAE70120060F0EF /* TableViewRefressEndTests.m in Sources */ = {isa = PBXBuildFile; fileRef = 9C3EA9E41DAE70120060F0EF /* TableViewRefressEndTests.m */; };
		9C3EA9F01DAE70120060F0EF /* TableViewRefressEndUITests.m in Sources */ = {isa = PBXBuildFile; fileRef = 9C3EA9EF1DAE70120060F0EF /* TableViewRefressEndUITests.m */; };
		9C3EAA241DAE74820060F0EF /* AFHTTPRequestOperation.m in Sources */ = {isa = PBXBuildFile; fileRef = 9C3EAA001DAE74820060F0EF /* AFHTTPRequestOperation.m */; };
		9C3EAA251DAE74820060F0EF /* AFHTTPRequestOperationManager.m in Sources */ = {isa = PBXBuildFile; fileRef = 9C3EAA021DAE74820060F0EF /* AFHTTPRequestOperationManager.m */; };
		9C3EAA261DAE74820060F0EF /* AFHTTPSessionManager.m in Sources */ = {isa = PBXBuildFile; fileRef = 9C3EAA041DAE74820060F0EF /* AFHTTPSessionManager.m */; };
		9C3EAA271DAE74820060F0EF /* AFNetworkReachabilityManager.m in Sources */ = {isa = PBXBuildFile; fileRef = 9C3EAA071DAE74820060F0EF /* AFNetworkReachabilityManager.m */; };
		9C3EAA281DAE74820060F0EF /* AFSecurityPolicy.m in Sources */ = {isa = PBXBuildFile; fileRef = 9C3EAA091DAE74820060F0EF /* AFSecurityPolicy.m */; };
		9C3EAA291DAE74820060F0EF /* AFURLConnectionOperation.m in Sources */ = {isa = PBXBuildFile; fileRef = 9C3EAA0B1DAE74820060F0EF /* AFURLConnectionOperation.m */; };
		9C3EAA2A1DAE74820060F0EF /* AFURLRequestSerialization.m in Sources */ = {isa = PBXBuildFile; fileRef = 9C3EAA0D1DAE74820060F0EF /* AFURLRequestSerialization.m */; };
		9C3EAA2B1DAE74820060F0EF /* AFURLResponseSerialization.m in Sources */ = {isa = PBXBuildFile; fileRef = 9C3EAA0F1DAE74820060F0EF /* AFURLResponseSerialization.m */; };
		9C3EAA2C1DAE74820060F0EF /* AFURLSessionManager.m in Sources */ = {isa = PBXBuildFile; fileRef = 9C3EAA111DAE74820060F0EF /* AFURLSessionManager.m */; };
		9C3EAA2D1DAE74820060F0EF /* AFNetworkActivityIndicatorManager.m in Sources */ = {isa = PBXBuildFile; fileRef = 9C3EAA141DAE74820060F0EF /* AFNetworkActivityIndicatorManager.m */; };
		9C3EAA2E1DAE74820060F0EF /* UIActivityIndicatorView+AFNetworking.m in Sources */ = {isa = PBXBuildFile; fileRef = 9C3EAA161DAE74820060F0EF /* UIActivityIndicatorView+AFNetworking.m */; };
		9C3EAA2F1DAE74820060F0EF /* UIAlertView+AFNetworking.m in Sources */ = {isa = PBXBuildFile; fileRef = 9C3EAA181DAE74820060F0EF /* UIAlertView+AFNetworking.m */; };
		9C3EAA301DAE74820060F0EF /* UIButton+AFNetworking.m in Sources */ = {isa = PBXBuildFile; fileRef = 9C3EAA1A1DAE74820060F0EF /* UIButton+AFNetworking.m */; };
		9C3EAA311DAE74820060F0EF /* UIImageView+AFNetworking.m in Sources */ = {isa = PBXBuildFile; fileRef = 9C3EAA1C1DAE74820060F0EF /* UIImageView+AFNetworking.m */; };
		9C3EAA321DAE74820060F0EF /* UIProgressView+AFNetworking.m in Sources */ = {isa = PBXBuildFile; fileRef = 9C3EAA1F1DAE74820060F0EF /* UIProgressView+AFNetworking.m */; };
		9C3EAA331DAE74820060F0EF /* UIRefreshControl+AFNetworking.m in Sources */ = {isa = PBXBuildFile; fileRef = 9C3EAA211DAE74820060F0EF /* UIRefreshControl+AFNetworking.m */; };
		9C3EAA341DAE74820060F0EF /* UIWebView+AFNetworking.m in Sources */ = {isa = PBXBuildFile; fileRef = 9C3EAA231DAE74820060F0EF /* UIWebView+AFNetworking.m */; };
/* End PBXBuildFile section */

/* Begin PBXContainerItemProxy section */
		9C3EA9E11DAE70120060F0EF /* PBXContainerItemProxy */ = {
			isa = PBXContainerItemProxy;
			containerPortal = 9C3EA9BF1DAE700D0060F0EF /* Project object */;
			proxyType = 1;
			remoteGlobalIDString = 9C3EA9C61DAE700D0060F0EF;
			remoteInfo = TableViewRefressEnd;
		};
		9C3EA9EC1DAE70120060F0EF /* PBXContainerItemProxy */ = {
			isa = PBXContainerItemProxy;
			containerPortal = 9C3EA9BF1DAE700D0060F0EF /* Project object */;
			proxyType = 1;
			remoteGlobalIDString = 9C3EA9C61DAE700D0060F0EF;
			remoteInfo = TableViewRefressEnd;
		};
/* End PBXContainerItemProxy section */

/* Begin PBXFileReference section */
		9C3EA9C71DAE700D0060F0EF /* TableViewRefressEnd.app */ = {isa = PBXFileReference; explicitFileType = wrapper.application; includeInIndex = 0; path = TableViewRefressEnd.app; sourceTree = BUILT_PRODUCTS_DIR; };
		9C3EA9CB1DAE700E0060F0EF /* main.m */ = {isa = PBXFileReference; lastKnownFileType = sourcecode.c.objc; path = main.m; sourceTree = "<group>"; };
		9C3EA9CD1DAE700E0060F0EF /* AppDelegate.h */ = {isa = PBXFileReference; lastKnownFileType = sourcecode.c.h; path = AppDelegate.h; sourceTree = "<group>"; };
		9C3EA9CE1DAE700E0060F0EF /* AppDelegate.m */ = {isa = PBXFileReference; lastKnownFileType = sourcecode.c.objc; path = AppDelegate.m; sourceTree = "<group>"; };
		9C3EA9D01DAE700E0060F0EF /* ViewController.h */ = {isa = PBXFileReference; lastKnownFileType = sourcecode.c.h; path = ViewController.h; sourceTree = "<group>"; };
		9C3EA9D11DAE700E0060F0EF /* ViewController.m */ = {isa = PBXFileReference; lastKnownFileType = sourcecode.c.objc; path = ViewController.m; sourceTree = "<group>"; };
		9C3EA9D41DAE700E0060F0EF /* Base */ = {isa = PBXFileReference; lastKnownFileType = file.storyboard; name = Base; path = Base.lproj/Main.storyboard; sourceTree = "<group>"; };
		9C3EA9D61DAE700E0060F0EF /* Assets.xcassets */ = {isa = PBXFileReference; lastKnownFileType = folder.assetcatalog; path = Assets.xcassets; sourceTree = "<group>"; };
		9C3EA9D91DAE700E0060F0EF /* Base */ = {isa = PBXFileReference; lastKnownFileType = file.storyboard; name = Base; path = Base.lproj/LaunchScreen.storyboard; sourceTree = "<group>"; };
		9C3EA9DB1DAE700F0060F0EF /* Info.plist */ = {isa = PBXFileReference; lastKnownFileType = text.plist.xml; path = Info.plist; sourceTree = "<group>"; };
		9C3EA9E01DAE70120060F0EF /* TableViewRefressEndTests.xctest */ = {isa = PBXFileReference; explicitFileType = wrapper.cfbundle; includeInIndex = 0; path = TableViewRefressEndTests.xctest; sourceTree = BUILT_PRODUCTS_DIR; };
		9C3EA9E41DAE70120060F0EF /* TableViewRefressEndTests.m */ = {isa = PBXFileReference; lastKnownFileType = sourcecode.c.objc; path = TableViewRefressEndTests.m; sourceTree = "<group>"; };
		9C3EA9E61DAE70120060F0EF /* Info.plist */ = {isa = PBXFileReference; lastKnownFileType = text.plist.xml; path = Info.plist; sourceTree = "<group>"; };
		9C3EA9EB1DAE70120060F0EF /* TableViewRefressEndUITests.xctest */ = {isa = PBXFileReference; explicitFileType = wrapper.cfbundle; includeInIndex = 0; path = TableViewRefressEndUITests.xctest; sourceTree = BUILT_PRODUCTS_DIR; };
		9C3EA9EF1DAE70120060F0EF /* TableViewRefressEndUITests.m */ = {isa = PBXFileReference; lastKnownFileType = sourcecode.c.objc; path = TableViewRefressEndUITests.m; sourceTree = "<group>"; };
		9C3EA9F11DAE70120060F0EF /* Info.plist */ = {isa = PBXFileReference; lastKnownFileType = text.plist.xml; path = Info.plist; sourceTree = "<group>"; };
		9C3EA9FF1DAE74820060F0EF /* AFHTTPRequestOperation.h */ = {isa = PBXFileReference; fileEncoding = 4; lastKnownFileType = sourcecode.c.h; path = AFHTTPRequestOperation.h; sourceTree = "<group>"; };
		9C3EAA001DAE74820060F0EF /* AFHTTPRequestOperation.m */ = {isa = PBXFileReference; fileEncoding = 4; lastKnownFileType = sourcecode.c.objc; path = AFHTTPRequestOperation.m; sourceTree = "<group>"; };
		9C3EAA011DAE74820060F0EF /* AFHTTPRequestOperationManager.h */ = {isa = PBXFileReference; fileEncoding = 4; lastKnownFileType = sourcecode.c.h; path = AFHTTPRequestOperationManager.h; sourceTree = "<group>"; };
		9C3EAA021DAE74820060F0EF /* AFHTTPRequestOperationManager.m */ = {isa = PBXFileReference; fileEncoding = 4; lastKnownFileType = sourcecode.c.objc; path = AFHTTPRequestOperationManager.m; sourceTree = "<group>"; };
		9C3EAA031DAE74820060F0EF /* AFHTTPSessionManager.h */ = {isa = PBXFileReference; fileEncoding = 4; lastKnownFileType = sourcecode.c.h; path = AFHTTPSessionManager.h; sourceTree = "<group>"; };
		9C3EAA041DAE74820060F0EF /* AFHTTPSessionManager.m */ = {isa = PBXFileReference; fileEncoding = 4; lastKnownFileType = sourcecode.c.objc; path = AFHTTPSessionManager.m; sourceTree = "<group>"; };
		9C3EAA051DAE74820060F0EF /* AFNetworking.h */ = {isa = PBXFileReference; fileEncoding = 4; lastKnownFileType = sourcecode.c.h; path = AFNetworking.h; sourceTree = "<group>"; };
		9C3EAA061DAE74820060F0EF /* AFNetworkReachabilityManager.h */ = {isa = PBXFileReference; fileEncoding = 4; lastKnownFileType = sourcecode.c.h; path = AFNetworkReachabilityManager.h; sourceTree = "<group>"; };
		9C3EAA071DAE74820060F0EF /* AFNetworkReachabilityManager.m */ = {isa = PBXFileReference; fileEncoding = 4; lastKnownFileType = sourcecode.c.objc; path = AFNetworkReachabilityManager.m; sourceTree = "<group>"; };
		9C3EAA081DAE74820060F0EF /* AFSecurityPolicy.h */ = {isa = PBXFileReference; fileEncoding = 4; lastKnownFileType = sourcecode.c.h; path = AFSecurityPolicy.h; sourceTree = "<group>"; };
		9C3EAA091DAE74820060F0EF /* AFSecurityPolicy.m */ = {isa = PBXFileReference; fileEncoding = 4; lastKnownFileType = sourcecode.c.objc; path = AFSecurityPolicy.m; sourceTree = "<group>"; };
		9C3EAA0A1DAE74820060F0EF /* AFURLConnectionOperation.h */ = {isa = PBXFileReference; fileEncoding = 4; lastKnownFileType = sourcecode.c.h; path = AFURLConnectionOperation.h; sourceTree = "<group>"; };
		9C3EAA0B1DAE74820060F0EF /* AFURLConnectionOperation.m */ = {isa = PBXFileReference; fileEncoding = 4; lastKnownFileType = sourcecode.c.objc; path = AFURLConnectionOperation.m; sourceTree = "<group>"; };
		9C3EAA0C1DAE74820060F0EF /* AFURLRequestSerialization.h */ = {isa = PBXFileReference; fileEncoding = 4; lastKnownFileType = sourcecode.c.h; path = AFURLRequestSerialization.h; sourceTree = "<group>"; };
		9C3EAA0D1DAE74820060F0EF /* AFURLRequestSerialization.m */ = {isa = PBXFileReference; fileEncoding = 4; lastKnownFileType = sourcecode.c.objc; path = AFURLRequestSerialization.m; sourceTree = "<group>"; };
		9C3EAA0E1DAE74820060F0EF /* AFURLResponseSerialization.h */ = {isa = PBXFileReference; fileEncoding = 4; lastKnownFileType = sourcecode.c.h; path = AFURLResponseSerialization.h; sourceTree = "<group>"; };
		9C3EAA0F1DAE74820060F0EF /* AFURLResponseSerialization.m */ = {isa = PBXFileReference; fileEncoding = 4; lastKnownFileType = sourcecode.c.objc; path = AFURLResponseSerialization.m; sourceTree = "<group>"; };
		9C3EAA101DAE74820060F0EF /* AFURLSessionManager.h */ = {isa = PBXFileReference; fileEncoding = 4; lastKnownFileType = sourcecode.c.h; path = AFURLSessionManager.h; sourceTree = "<group>"; };
		9C3EAA111DAE74820060F0EF /* AFURLSessionManager.m */ = {isa = PBXFileReference; fileEncoding = 4; lastKnownFileType = sourcecode.c.objc; path = AFURLSessionManager.m; sourceTree = "<group>"; };
		9C3EAA131DAE74820060F0EF /* AFNetworkActivityIndicatorManager.h */ = {isa = PBXFileReference; fileEncoding = 4; lastKnownFileType = sourcecode.c.h; path = AFNetworkActivityIndicatorManager.h; sourceTree = "<group>"; };
		9C3EAA141DAE74820060F0EF /* AFNetworkActivityIndicatorManager.m */ = {isa = PBXFileReference; fileEncoding = 4; lastKnownFileType = sourcecode.c.objc; path = AFNetworkActivityIndicatorManager.m; sourceTree = "<group>"; };
		9C3EAA151DAE74820060F0EF /* UIActivityIndicatorView+AFNetworking.h */ = {isa = PBXFileReference; fileEncoding = 4; lastKnownFileType = sourcecode.c.h; path = "UIActivityIndicatorView+AFNetworking.h"; sourceTree = "<group>"; };
		9C3EAA161DAE74820060F0EF /* UIActivityIndicatorView+AFNetworking.m */ = {isa = PBXFileReference; fileEncoding = 4; lastKnownFileType = sourcecode.c.objc; path = "UIActivityIndicatorView+AFNetworking.m"; sourceTree = "<group>"; };
		9C3EAA171DAE74820060F0EF /* UIAlertView+AFNetworking.h */ = {isa = PBXFileReference; fileEncoding = 4; lastKnownFileType = sourcecode.c.h; path = "UIAlertView+AFNetworking.h"; sourceTree = "<group>"; };
		9C3EAA181DAE74820060F0EF /* UIAlertView+AFNetworking.m */ = {isa = PBXFileReference; fileEncoding = 4; lastKnownFileType = sourcecode.c.objc; path = "UIAlertView+AFNetworking.m"; sourceTree = "<group>"; };
		9C3EAA191DAE74820060F0EF /* UIButton+AFNetworking.h */ = {isa = PBXFileReference; fileEncoding = 4; lastKnownFileType = sourcecode.c.h; path = "UIButton+AFNetworking.h"; sourceTree = "<group>"; };
		9C3EAA1A1DAE74820060F0EF /* UIButton+AFNetworking.m */ = {isa = PBXFileReference; fileEncoding = 4; lastKnownFileType = sourcecode.c.objc; path = "UIButton+AFNetworking.m"; sourceTree = "<group>"; };
		9C3EAA1B1DAE74820060F0EF /* UIImageView+AFNetworking.h */ = {isa = PBXFileReference; fileEncoding = 4; lastKnownFileType = sourcecode.c.h; path = "UIImageView+AFNetworking.h"; sourceTree = "<group>"; };
		9C3EAA1C1DAE74820060F0EF /* UIImageView+AFNetworking.m */ = {isa = PBXFileReference; fileEncoding = 4; lastKnownFileType = sourcecode.c.objc; path = "UIImageView+AFNetworking.m"; sourceTree = "<group>"; };
		9C3EAA1D1DAE74820060F0EF /* UIKit+AFNetworking.h */ = {isa = PBXFileReference; fileEncoding = 4; lastKnownFileType = sourcecode.c.h; path = "UIKit+AFNetworking.h"; sourceTree = "<group>"; };
		9C3EAA1E1DAE74820060F0EF /* UIProgressView+AFNetworking.h */ = {isa = PBXFileReference; fileEncoding = 4; lastKnownFileType = sourcecode.c.h; path = "UIProgressView+AFNetworking.h"; sourceTree = "<group>"; };
		9C3EAA1F1DAE74820060F0EF /* UIProgressView+AFNetworking.m */ = {isa = PBXFileReference; fileEncoding = 4; lastKnownFileType = sourcecode.c.objc; path = "UIProgressView+AFNetworking.m"; sourceTree = "<group>"; };
		9C3EAA201DAE74820060F0EF /* UIRefreshControl+AFNetworking.h */ = {isa = PBXFileReference; fileEncoding = 4; lastKnownFileType = sourcecode.c.h; path = "UIRefreshControl+AFNetworking.h"; sourceTree = "<group>"; };
		9C3EAA211DAE74820060F0EF /* UIRefreshControl+AFNetworking.m */ = {isa = PBXFileReference; fileEncoding = 4; lastKnownFileType = sourcecode.c.objc; path = "UIRefreshControl+AFNetworking.m"; sourceTree = "<group>"; };
		9C3EAA221DAE74820060F0EF /* UIWebView+AFNetworking.h */ = {isa = PBXFileReference; fileEncoding = 4; lastKnownFileType = sourcecode.c.h; path = "UIWebView+AFNetworking.h"; sourceTree = "<group>"; };
		9C3EAA231DAE74820060F0EF /* UIWebView+AFNetworking.m */ = {isa = PBXFileReference; fileEncoding = 4; lastKnownFileType = sourcecode.c.objc; path = "UIWebView+AFNetworking.m"; sourceTree = "<group>"; };
/* End PBXFileReference section */

/* Begin PBXFrameworksBuildPhase section */
		9C3EA9C41DAE700D0060F0EF /* Frameworks */ = {
			isa = PBXFrameworksBuildPhase;
			buildActionMask = 2147483647;
			files = (
			);
			runOnlyForDeploymentPostprocessing = 0;
		};
		9C3EA9DD1DAE70120060F0EF /* Frameworks */ = {
			isa = PBXFrameworksBuildPhase;
			buildActionMask = 2147483647;
			files = (
			);
			runOnlyForDeploymentPostprocessing = 0;
		};
		9C3EA9E81DAE70120060F0EF /* Frameworks */ = {
			isa = PBXFrameworksBuildPhase;
			buildActionMask = 2147483647;
			files = (
			);
			runOnlyForDeploymentPostprocessing = 0;
		};
/* End PBXFrameworksBuildPhase section */

/* Begin PBXGroup section */
		9C3EA9BE1DAE700D0060F0EF = {
			isa = PBXGroup;
			children = (
				9C3EA9FD1DAE74820060F0EF /* AFNetworking SDK */,
				9C3EA9C91DAE700E0060F0EF /* TableViewRefressEnd */,
				9C3EA9E31DAE70120060F0EF /* TableViewRefressEndTests */,
				9C3EA9EE1DAE70120060F0EF /* TableViewRefressEndUITests */,
				9C3EA9C81DAE700D0060F0EF /* Products */,
			);
			sourceTree = "<group>";
		};
		9C3EA9C81DAE700D0060F0EF /* Products */ = {
			isa = PBXGroup;
			children = (
				9C3EA9C71DAE700D0060F0EF /* TableViewRefressEnd.app */,
				9C3EA9E01DAE70120060F0EF /* TableViewRefressEndTests.xctest */,
				9C3EA9EB1DAE70120060F0EF /* TableViewRefressEndUITests.xctest */,
			);
			name = Products;
			sourceTree = "<group>";
		};
		9C3EA9C91DAE700E0060F0EF /* TableViewRefressEnd */ = {
			isa = PBXGroup;
			children = (
				9C3EA9CD1DAE700E0060F0EF /* AppDelegate.h */,
				9C3EA9CE1DAE700E0060F0EF /* AppDelegate.m */,
				9C3EA9D01DAE700E0060F0EF /* ViewController.h */,
				9C3EA9D11DAE700E0060F0EF /* ViewController.m */,
				9C3EA9D31DAE700E0060F0EF /* Main.storyboard */,
				9C3EA9D61DAE700E0060F0EF /* Assets.xcassets */,
				9C3EA9D81DAE700E0060F0EF /* LaunchScreen.storyboard */,
				9C3EA9DB1DAE700F0060F0EF /* Info.plist */,
				9C3EA9CA1DAE700E0060F0EF /* Supporting Files */,
			);
			path = TableViewRefressEnd;
			sourceTree = "<group>";
		};
		9C3EA9CA1DAE700E0060F0EF /* Supporting Files */ = {
			isa = PBXGroup;
			children = (
				9C3EA9CB1DAE700E0060F0EF /* main.m */,
			);
			name = "Supporting Files";
			sourceTree = "<group>";
		};
		9C3EA9E31DAE70120060F0EF /* TableViewRefressEndTests */ = {
			isa = PBXGroup;
			children = (
				9C3EA9E41DAE70120060F0EF /* TableViewRefressEndTests.m */,
				9C3EA9E61DAE70120060F0EF /* Info.plist */,
			);
			path = TableViewRefressEndTests;
			sourceTree = "<group>";
		};
		9C3EA9EE1DAE70120060F0EF /* TableViewRefressEndUITests */ = {
			isa = PBXGroup;
			children = (
				9C3EA9EF1DAE70120060F0EF /* TableViewRefressEndUITests.m */,
				9C3EA9F11DAE70120060F0EF /* Info.plist */,
			);
			path = TableViewRefressEndUITests;
			sourceTree = "<group>";
		};
		9C3EA9FD1DAE74820060F0EF /* AFNetworking SDK */ = {
			isa = PBXGroup;
			children = (
				9C3EA9FE1DAE74820060F0EF /* AFNetworking */,
				9C3EAA121DAE74820060F0EF /* UIKit+AFNetworking */,
			);
			name = "AFNetworking SDK";
			path = "TableViewRefressEnd/AFNetworking SDK";
			sourceTree = "<group>";
		};
		9C3EA9FE1DAE74820060F0EF /* AFNetworking */ = {
			isa = PBXGroup;
			children = (
				9C3EA9FF1DAE74820060F0EF /* AFHTTPRequestOperation.h */,
				9C3EAA001DAE74820060F0EF /* AFHTTPRequestOperation.m */,
				9C3EAA011DAE74820060F0EF /* AFHTTPRequestOperationManager.h */,
				9C3EAA021DAE74820060F0EF /* AFHTTPRequestOperationManager.m */,
				9C3EAA031DAE74820060F0EF /* AFHTTPSessionManager.h */,
				9C3EAA041DAE74820060F0EF /* AFHTTPSessionManager.m */,
				9C3EAA051DAE74820060F0EF /* AFNetworking.h */,
				9C3EAA061DAE74820060F0EF /* AFNetworkReachabilityManager.h */,
				9C3EAA071DAE74820060F0EF /* AFNetworkReachabilityManager.m */,
				9C3EAA081DAE74820060F0EF /* AFSecurityPolicy.h */,
				9C3EAA091DAE74820060F0EF /* AFSecurityPolicy.m */,
				9C3EAA0A1DAE74820060F0EF /* AFURLConnectionOperation.h */,
				9C3EAA0B1DAE74820060F0EF /* AFURLConnectionOperation.m */,
				9C3EAA0C1DAE74820060F0EF /* AFURLRequestSerialization.h */,
				9C3EAA0D1DAE74820060F0EF /* AFURLRequestSerialization.m */,
				9C3EAA0E1DAE74820060F0EF /* AFURLResponseSerialization.h */,
				9C3EAA0F1DAE74820060F0EF /* AFURLResponseSerialization.m */,
				9C3EAA101DAE74820060F0EF /* AFURLSessionManager.h */,
				9C3EAA111DAE74820060F0EF /* AFURLSessionManager.m */,
			);
			path = AFNetworking;
			sourceTree = "<group>";
		};
		9C3EAA121DAE74820060F0EF /* UIKit+AFNetworking */ = {
			isa = PBXGroup;
			children = (
				9C3EAA131DAE74820060F0EF /* AFNetworkActivityIndicatorManager.h */,
				9C3EAA141DAE74820060F0EF /* AFNetworkActivityIndicatorManager.m */,
				9C3EAA151DAE74820060F0EF /* UIActivityIndicatorView+AFNetworking.h */,
				9C3EAA161DAE74820060F0EF /* UIActivityIndicatorView+AFNetworking.m */,
				9C3EAA171DAE74820060F0EF /* UIAlertView+AFNetworking.h */,
				9C3EAA181DAE74820060F0EF /* UIAlertView+AFNetworking.m */,
				9C3EAA191DAE74820060F0EF /* UIButton+AFNetworking.h */,
				9C3EAA1A1DAE74820060F0EF /* UIButton+AFNetworking.m */,
				9C3EAA1B1DAE74820060F0EF /* UIImageView+AFNetworking.h */,
				9C3EAA1C1DAE74820060F0EF /* UIImageView+AFNetworking.m */,
				9C3EAA1D1DAE74820060F0EF /* UIKit+AFNetworking.h */,
				9C3EAA1E1DAE74820060F0EF /* UIProgressView+AFNetworking.h */,
				9C3EAA1F1DAE74820060F0EF /* UIProgressView+AFNetworking.m */,
				9C3EAA201DAE74820060F0EF /* UIRefreshControl+AFNetworking.h */,
				9C3EAA211DAE74820060F0EF /* UIRefreshControl+AFNetworking.m */,
				9C3EAA221DAE74820060F0EF /* UIWebView+AFNetworking.h */,
				9C3EAA231DAE74820060F0EF /* UIWebView+AFNetworking.m */,
			);
			path = "UIKit+AFNetworking";
			sourceTree = "<group>";
		};
/* End PBXGroup section */

/* Begin PBXNativeTarget section */
		9C3EA9C61DAE700D0060F0EF /* TableViewRefressEnd */ = {
			isa = PBXNativeTarget;
			buildConfigurationList = 9C3EA9F41DAE70120060F0EF /* Build configuration list for PBXNativeTarget "TableViewRefressEnd" */;
			buildPhases = (
				9C3EA9C31DAE700D0060F0EF /* Sources */,
				9C3EA9C41DAE700D0060F0EF /* Frameworks */,
				9C3EA9C51DAE700D0060F0EF /* Resources */,
			);
			buildRules = (
			);
			dependencies = (
			);
			name = TableViewRefressEnd;
			productName = TableViewRefressEnd;
			productReference = 9C3EA9C71DAE700D0060F0EF /* TableViewRefressEnd.app */;
			productType = "com.apple.product-type.application";
		};
		9C3EA9DF1DAE70120060F0EF /* TableViewRefressEndTests */ = {
			isa = PBXNativeTarget;
			buildConfigurationList = 9C3EA9F71DAE70120060F0EF /* Build configuration list for PBXNativeTarget "TableViewRefressEndTests" */;
			buildPhases = (
				9C3EA9DC1DAE70120060F0EF /* Sources */,
				9C3EA9DD1DAE70120060F0EF /* Frameworks */,
				9C3EA9DE1DAE70120060F0EF /* Resources */,
			);
			buildRules = (
			);
			dependencies = (
				9C3EA9E21DAE70120060F0EF /* PBXTargetDependency */,
			);
			name = TableViewRefressEndTests;
			productName = TableViewRefressEndTests;
			productReference = 9C3EA9E01DAE70120060F0EF /* TableViewRefressEndTests.xctest */;
			productType = "com.apple.product-type.bundle.unit-test";
		};
		9C3EA9EA1DAE70120060F0EF /* TableViewRefressEndUITests */ = {
			isa = PBXNativeTarget;
			buildConfigurationList = 9C3EA9FA1DAE70120060F0EF /* Build configuration list for PBXNativeTarget "TableViewRefressEndUITests" */;
			buildPhases = (
				9C3EA9E71DAE70120060F0EF /* Sources */,
				9C3EA9E81DAE70120060F0EF /* Frameworks */,
				9C3EA9E91DAE70120060F0EF /* Resources */,
			);
			buildRules = (
			);
			dependencies = (
				9C3EA9ED1DAE70120060F0EF /* PBXTargetDependency */,
			);
			name = TableViewRefressEndUITests;
			productName = TableViewRefressEndUITests;
			productReference = 9C3EA9EB1DAE70120060F0EF /* TableViewRefressEndUITests.xctest */;
			productType = "com.apple.product-type.bundle.ui-testing";
		};
/* End PBXNativeTarget section */

/* Begin PBXProject section */
		9C3EA9BF1DAE700D0060F0EF /* Project object */ = {
			isa = PBXProject;
			attributes = {
				LastUpgradeCheck = 0800;
				ORGANIZATIONNAME = "Bhadresh Patoliya";
				TargetAttributes = {
					9C3EA9C61DAE700D0060F0EF = {
						CreatedOnToolsVersion = 8.0;
						ProvisioningStyle = Automatic;
					};
					9C3EA9DF1DAE70120060F0EF = {
						CreatedOnToolsVersion = 8.0;
						ProvisioningStyle = Automatic;
						TestTargetID = 9C3EA9C61DAE700D0060F0EF;
					};
					9C3EA9EA1DAE70120060F0EF = {
						CreatedOnToolsVersion = 8.0;
						ProvisioningStyle = Automatic;
						TestTargetID = 9C3EA9C61DAE700D0060F0EF;
					};
				};
			};
			buildConfigurationList = 9C3EA9C21DAE700D0060F0EF /* Build configuration list for PBXProject "TableViewRefressEnd" */;
			compatibilityVersion = "Xcode 3.2";
			developmentRegion = English;
			hasScannedForEncodings = 0;
			knownRegions = (
				en,
				Base,
			);
			mainGroup = 9C3EA9BE1DAE700D0060F0EF;
			productRefGroup = 9C3EA9C81DAE700D0060F0EF /* Products */;
			projectDirPath = "";
			projectRoot = "";
			targets = (
				9C3EA9C61DAE700D0060F0EF /* TableViewRefressEnd */,
				9C3EA9DF1DAE70120060F0EF /* TableViewRefressEndTests */,
				9C3EA9EA1DAE70120060F0EF /* TableViewRefressEndUITests */,
			);
		};
/* End PBXProject section */

/* Begin PBXResourcesBuildPhase section */
		9C3EA9C51DAE700D0060F0EF /* Resources */ = {
			isa = PBXResourcesBuildPhase;
			buildActionMask = 2147483647;
			files = (
				9C3EA9DA1DAE700E0060F0EF /* LaunchScreen.storyboard in Resources */,
				9C3EA9D71DAE700E0060F0EF /* Assets.xcassets in Resources */,
				9C3EA9D51DAE700E0060F0EF /* Main.storyboard in Resources */,
			);
			runOnlyForDeploymentPostprocessing = 0;
		};
		9C3EA9DE1DAE70120060F0EF /* Resources */ = {
			isa = PBXResourcesBuildPhase;
			buildActionMask = 2147483647;
			files = (
			);
			runOnlyForDeploymentPostprocessing = 0;
		};
		9C3EA9E91DAE70120060F0EF /* Resources */ = {
			isa = PBXResourcesBuildPhase;
			buildActionMask = 2147483647;
			files = (
			);
			runOnlyForDeploymentPostprocessing = 0;
		};
/* End PBXResourcesBuildPhase section */

/* Begin PBXSourcesBuildPhase section */
		9C3EA9C31DAE700D0060F0EF /* Sources */ = {
			isa = PBXSourcesBuildPhase;
			buildActionMask = 2147483647;
			files = (
				9C3EAA241DAE74820060F0EF /* AFHTTPRequestOperation.m in Sources */,
				9C3EAA311DAE74820060F0EF /* UIImageView+AFNetworking.m in Sources */,
				9C3EA9D21DAE700E0060F0EF /* ViewController.m in Sources */,
				9C3EAA251DAE74820060F0EF /* AFHTTPRequestOperationManager.m in Sources */,
				9C3EAA321DAE74820060F0EF /* UIProgressView+AFNetworking.m in Sources */,
				9C3EAA271DAE74820060F0EF /* AFNetworkReachabilityManager.m in Sources */,
				9C3EAA2B1DAE74820060F0EF /* AFURLResponseSerialization.m in Sources */,
				9C3EAA291DAE74820060F0EF /* AFURLConnectionOperation.m in Sources */,
				9C3EAA301DAE74820060F0EF /* UIButton+AFNetworking.m in Sources */,
				9C3EAA2E1DAE74820060F0EF /* UIActivityIndicatorView+AFNetworking.m in Sources */,
				9C3EAA281DAE74820060F0EF /* AFSecurityPolicy.m in Sources */,
				9C3EAA331DAE74820060F0EF /* UIRefreshControl+AFNetworking.m in Sources */,
				9C3EAA341DAE74820060F0EF /* UIWebView+AFNetworking.m in Sources */,
				9C3EAA261DAE74820060F0EF /* AFHTTPSessionManager.m in Sources */,
				9C3EAA2F1DAE74820060F0EF /* UIAlertView+AFNetworking.m in Sources */,
				9C3EAA2A1DAE74820060F0EF /* AFURLRequestSerialization.m in Sources */,
				9C3EAA2D1DAE74820060F0EF /* AFNetworkActivityIndicatorManager.m in Sources */,
				9C3EAA2C1DAE74820060F0EF /* AFURLSessionManager.m in Sources */,
				9C3EA9CF1DAE700E0060F0EF /* AppDelegate.m in Sources */,
				9C3EA9CC1DAE700E0060F0EF /* main.m in Sources */,
			);
			runOnlyForDeploymentPostprocessing = 0;
		};
		9C3EA9DC1DAE70120060F0EF /* Sources */ = {
			isa = PBXSourcesBuildPhase;
			buildActionMask = 2147483647;
			files = (
				9C3EA9E51DAE70120060F0EF /* TableViewRefressEndTests.m in Sources */,
			);
			runOnlyForDeploymentPostprocessing = 0;
		};
		9C3EA9E71DAE70120060F0EF /* Sources */ = {
			isa = PBXSourcesBuildPhase;
			buildActionMask = 2147483647;
			files = (
				9C3EA9F01DAE70120060F0EF /* TableViewRefressEndUITests.m in Sources */,
			);
			runOnlyForDeploymentPostprocessing = 0;
		};
/* End PBXSourcesBuildPhase section */

/* Begin PBXTargetDependency section */
		9C3EA9E21DAE70120060F0EF /* PBXTargetDependency */ = {
			isa = PBXTargetDependency;
			target = 9C3EA9C61DAE700D0060F0EF /* TableViewRefressEnd */;
			targetProxy = 9C3EA9E11DAE70120060F0EF /* PBXContainerItemProxy */;
		};
		9C3EA9ED1DAE70120060F0EF /* PBXTargetDependency */ = {
			isa = PBXTargetDependency;
			target = 9C3EA9C61DAE700D0060F0EF /* TableViewRefressEnd */;
			targetProxy = 9C3EA9EC1DAE70120060F0EF /* PBXContainerItemProxy */;
		};
/* End PBXTargetDependency section */

/* Begin PBXVariantGroup section */
		9C3EA9D31DAE700E0060F0EF /* Main.storyboard */ = {
			isa = PBXVariantGroup;
			children = (
				9C3EA9D41DAE700E0060F0EF /* Base */,
			);
			name = Main.storyboard;
			sourceTree = "<group>";
		};
		9C3EA9D81DAE700E0060F0EF /* LaunchScreen.storyboard */ = {
			isa = PBXVariantGroup;
			children = (
				9C3EA9D91DAE700E0060F0EF /* Base */,
			);
			name = LaunchScreen.storyboard;
			sourceTree = "<group>";
		};
/* End PBXVariantGroup section */

/* Begin XCBuildConfiguration section */
		9C3EA9F21DAE70120060F0EF /* Debug */ = {
			isa = XCBuildConfiguration;
			buildSettings = {
				ALWAYS_SEARCH_USER_PATHS = NO;
				CLANG_ANALYZER_NONNULL = YES;
				CLANG_CXX_LANGUAGE_STANDARD = "gnu++0x";
				CLANG_CXX_LIBRARY = "libc++";
				CLANG_ENABLE_MODULES = YES;
				CLANG_ENABLE_OBJC_ARC = YES;
				CLANG_WARN_BOOL_CONVERSION = YES;
				CLANG_WARN_CONSTANT_CONVERSION = YES;
				CLANG_WARN_DIRECT_OBJC_ISA_USAGE = YES_ERROR;
				CLANG_WARN_DOCUMENTATION_COMMENTS = YES;
				CLANG_WARN_EMPTY_BODY = YES;
				CLANG_WARN_ENUM_CONVERSION = YES;
				CLANG_WARN_INFINITE_RECURSION = YES;
				CLANG_WARN_INT_CONVERSION = YES;
				CLANG_WARN_OBJC_ROOT_CLASS = YES_ERROR;
				CLANG_WARN_SUSPICIOUS_MOVES = YES;
				CLANG_WARN_UNREACHABLE_CODE = YES;
				CLANG_WARN__DUPLICATE_METHOD_MATCH = YES;
				"CODE_SIGN_IDENTITY[sdk=iphoneos*]" = "iPhone Developer";
				COPY_PHASE_STRIP = NO;
				DEBUG_INFORMATION_FORMAT = dwarf;
				ENABLE_STRICT_OBJC_MSGSEND = YES;
				ENABLE_TESTABILITY = YES;
				GCC_C_LANGUAGE_STANDARD = gnu99;
				GCC_DYNAMIC_NO_PIC = NO;
				GCC_NO_COMMON_BLOCKS = YES;
				GCC_OPTIMIZATION_LEVEL = 0;
				GCC_PREPROCESSOR_DEFINITIONS = (
					"DEBUG=1",
					"$(inherited)",
				);
				GCC_WARN_64_TO_32_BIT_CONVERSION = YES;
				GCC_WARN_ABOUT_RETURN_TYPE = YES_ERROR;
				GCC_WARN_UNDECLARED_SELECTOR = YES;
				GCC_WARN_UNINITIALIZED_AUTOS = YES_AGGRESSIVE;
				GCC_WARN_UNUSED_FUNCTION = YES;
				GCC_WARN_UNUSED_VARIABLE = YES;
				IPHONEOS_DEPLOYMENT_TARGET = 10.0;
				MTL_ENABLE_DEBUG_INFO = YES;
				ONLY_ACTIVE_ARCH = YES;
				SDKROOT = iphoneos;
				TARGETED_DEVICE_FAMILY = "1,2";
			};
			name = Debug;
		};
		9C3EA9F31DAE70120060F0EF /* Release */ = {
			isa = XCBuildConfiguration;
			buildSettings = {
				ALWAYS_SEARCH_USER_PATHS = NO;
				CLANG_ANALYZER_NONNULL = YES;
				CLANG_CXX_LANGUAGE_STANDARD = "gnu++0x";
				CLANG_CXX_LIBRARY = "libc++";
				CLANG_ENABLE_MODULES = YES;
				CLANG_ENABLE_OBJC_ARC = YES;
				CLANG_WARN_BOOL_CONVERSION = YES;
				CLANG_WARN_CONSTANT_CONVERSION = YES;
				CLANG_WARN_DIRECT_OBJC_ISA_USAGE = YES_ERROR;
				CLANG_WARN_DOCUMENTATION_COMMENTS = YES;
				CLANG_WARN_EMPTY_BODY = YES;
				CLANG_WARN_ENUM_CONVERSION = YES;
				CLANG_WARN_INFINITE_RECURSION = YES;
				CLANG_WARN_INT_CONVERSION = YES;
				CLANG_WARN_OBJC_ROOT_CLASS = YES_ERROR;
				CLANG_WARN_SUSPICIOUS_MOVES = YES;
				CLANG_WARN_UNREACHABLE_CODE = YES;
				CLANG_WARN__DUPLICATE_METHOD_MATCH = YES;
				"CODE_SIGN_IDENTITY[sdk=iphoneos*]" = "iPhone Developer";
				COPY_PHASE_STRIP = NO;
				DEBUG_INFORMATION_FORMAT = "dwarf-with-dsym";
				ENABLE_NS_ASSERTIONS = NO;
				ENABLE_STRICT_OBJC_MSGSEND = YES;
				GCC_C_LANGUAGE_STANDARD = gnu99;
				GCC_NO_COMMON_BLOCKS = YES;
				GCC_WARN_64_TO_32_BIT_CONVERSION = YES;
				GCC_WARN_ABOUT_RETURN_TYPE = YES_ERROR;
				GCC_WARN_UNDECLARED_SELECTOR = YES;
				GCC_WARN_UNINITIALIZED_AUTOS = YES_AGGRESSIVE;
				GCC_WARN_UNUSED_FUNCTION = YES;
				GCC_WARN_UNUSED_VARIABLE = YES;
				IPHONEOS_DEPLOYMENT_TARGET = 10.0;
				MTL_ENABLE_DEBUG_INFO = NO;
				SDKROOT = iphoneos;
				TARGETED_DEVICE_FAMILY = "1,2";
				VALIDATE_PRODUCT = YES;
			};
			name = Release;
		};
		9C3EA9F51DAE70120060F0EF /* Debug */ = {
			isa = XCBuildConfiguration;
			buildSettings = {
				ASSETCATALOG_COMPILER_APPICON_NAME = AppIcon;
				INFOPLIST_FILE = TableViewRefressEnd/Info.plist;
				LD_RUNPATH_SEARCH_PATHS = "$(inherited) @executable_path/Frameworks";
				PRODUCT_BUNDLE_IDENTIFIER = bhadreshpatoliya.TableViewRefressEnd;
				PRODUCT_NAME = "$(TARGET_NAME)";
			};
			name = Debug;
		};
		9C3EA9F61DAE70120060F0EF /* Release */ = {
			isa = XCBuildConfiguration;
			buildSettings = {
				ASSETCATALOG_COMPILER_APPICON_NAME = AppIcon;
				INFOPLIST_FILE = TableViewRefressEnd/Info.plist;
				LD_RUNPATH_SEARCH_PATHS = "$(inherited) @executable_path/Frameworks";
				PRODUCT_BUNDLE_IDENTIFIER = bhadreshpatoliya.TableViewRefressEnd;
				PRODUCT_NAME = "$(TARGET_NAME)";
			};
			name = Release;
		};
		9C3EA9F81DAE70120060F0EF /* Debug */ = {
			isa = XCBuildConfiguration;
			buildSettings = {
				BUNDLE_LOADER = "$(TEST_HOST)";
				INFOPLIST_FILE = TableViewRefressEndTests/Info.plist;
				LD_RUNPATH_SEARCH_PATHS = "$(inherited) @executable_path/Frameworks @loader_path/Frameworks";
				PRODUCT_BUNDLE_IDENTIFIER = bhadreshpatoliya.TableViewRefressEndTests;
				PRODUCT_NAME = "$(TARGET_NAME)";
				TEST_HOST = "$(BUILT_PRODUCTS_DIR)/TableViewRefressEnd.app/TableViewRefressEnd";
			};
			name = Debug;
		};
		9C3EA9F91DAE70120060F0EF /* Release */ = {
			isa = XCBuildConfiguration;
			buildSettings = {
				BUNDLE_LOADER = "$(TEST_HOST)";
				INFOPLIST_FILE = TableViewRefressEndTests/Info.plist;
				LD_RUNPATH_SEARCH_PATHS = "$(inherited) @executable_path/Frameworks @loader_path/Frameworks";
				PRODUCT_BUNDLE_IDENTIFIER = bhadreshpatoliya.TableViewRefressEndTests;
				PRODUCT_NAME = "$(TARGET_NAME)";
				TEST_HOST = "$(BUILT_PRODUCTS_DIR)/TableViewRefressEnd.app/TableViewRefressEnd";
			};
			name = Release;
		};
		9C3EA9FB1DAE70120060F0EF /* Debug */ = {
			isa = XCBuildConfiguration;
			buildSettings = {
				INFOPLIST_FILE = TableViewRefressEndUITests/Info.plist;
				LD_RUNPATH_SEARCH_PATHS = "$(inherited) @executable_path/Frameworks @loader_path/Frameworks";
				PRODUCT_BUNDLE_IDENTIFIER = bhadreshpatoliya.TableViewRefressEndUITests;
				PRODUCT_NAME = "$(TARGET_NAME)";
				TEST_TARGET_NAME = TableViewRefressEnd;
			};
			name = Debug;
		};
		9C3EA9FC1DAE70120060F0EF /* Release */ = {
			isa = XCBuildConfiguration;
			buildSettings = {
				INFOPLIST_FILE = TableViewRefressEndUITests/Info.plist;
				LD_RUNPATH_SEARCH_PATHS = "$(inherited) @executable_path/Frameworks @loader_path/Frameworks";
				PRODUCT_BUNDLE_IDENTIFIER = bhadreshpatoliya.TableViewRefressEndUITests;
				PRODUCT_NAME = "$(TARGET_NAME)";
				TEST_TARGET_NAME = TableViewRefressEnd;
			};
			name = Release;
		};
/* End XCBuildConfiguration section */

/* Begin XCConfigurationList section */
		9C3EA9C21DAE700D0060F0EF /* Build configuration list for PBXProject "TableViewRefressEnd" */ = {
			isa = XCConfigurationList;
			buildConfigurations = (
				9C3EA9F21DAE70120060F0EF /* Debug */,
				9C3EA9F31DAE70120060F0EF /* Release */,
			);
			defaultConfigurationIsVisible = 0;
			defaultConfigurationName = Release;
		};
		9C3EA9F41DAE70120060F0EF /* Build configuration list for PBXNativeTarget "TableViewRefressEnd" */ = {
			isa = XCConfigurationList;
			buildConfigurations = (
				9C3EA9F51DAE70120060F0EF /* Debug */,
				9C3EA9F61DAE70120060F0EF /* Release */,
			);
			defaultConfigurationIsVisible = 0;
		};
		9C3EA9F71DAE70120060F0EF /* Build configuration list for PBXNativeTarget "TableViewRefressEndTests" */ = {
			isa = XCConfigurationList;
			buildConfigurations = (
				9C3EA9F81DAE70120060F0EF /* Debug */,
				9C3EA9F91DAE70120060F0EF /* Release */,
			);
			defaultConfigurationIsVisible = 0;
		};
		9C3EA9FA1DAE70120060F0EF /* Build configuration list for PBXNativeTarget "TableViewRefressEndUITests" */ = {
			isa = XCConfigurationList;
			buildConfigurations = (
				9C3EA9FB1DAE70120060F0EF /* Debug */,
				9C3EA9FC1DAE70120060F0EF /* Release */,
			);
			defaultConfigurationIsVisible = 0;
		};
/* End XCConfigurationList section */
	};
	rootObject = 9C3EA9BF1DAE700D0060F0EF /* Project object */;
}
